<Solution>
  <Folder Name="/src/">
    <Project Path="Elaris.Api/Elaris.Api.csproj" />
    <Project Path="Elaris.Application/Elaris.Application.csproj" />
    <Project Path="Elaris.Domain/Elaris.Domain.csproj" />
    <Project Path="Elaris.Infrastructure/Elaris.Infrastructure.csproj" />
    <Project Path="Elaris.Notifications/Elaris.Notifications.csproj" />
    <Project Path="Elaris.Persistence/Elaris.Persistence.csproj" />
  </Folder>
  <Folder Name="/tests/">
    <Project Path="../tests/Elaris.Api.IntegrationTests/Elaris.Api.IntegrationTests.csproj" />
    <Project Path="../tests/Elaris.Application.Tests/Elaris.Application.Tests.csproj" />
    <Project Path="../tests/Elaris.Domain.Tests/Elaris.Domain.Tests.csproj" />
  </Folder>
</Solution>
